
Microsoft Visual Studio Solution File, Format Version 12.00
# Visual Studio 15
VisualStudioVersion = 15.0.28010.2003
MinimumVisualStudioVersion = 10.0.40219.1
Project("{FAE04EC0-301F-11D3-BF4B-00C04F79EFBC}") = "RemoveMfcComments", "src/RemoveMfcComments.csproj", "{D68ED146-B325-4BD5-A595-86C17E74B488}"
EndProject
Global
	GlobalSection(SolutionConfigurationPlatforms) = preSolution
		Debug|Any CPU = Debug|Any CPU
		Release|Any CPU = Release|Any CPU
	EndGlobalSection
	GlobalSection(ProjectConfigurationPlatforms) = postSolution
		{D68ED146-B325-4BD5-A595-86C17E74B488}.Debug|Any CPU.ActiveCfg = Debug|Any CPU
		{D68ED146-B325-4BD5-A595-86C17E74B488}.Debug|Any CPU.Build.0 = Debug|Any CPU
		{D68ED146-B325-4BD5-A595-86C17E74B488}.Release|Any CPU.ActiveCfg = Release|Any CPU
		{D68ED146-B325-4BD5-A595-86C17E74B488}.Release|Any CPU.Build.0 = Release|Any CPU
	EndGlobalSection
	GlobalSection(SolutionProperties) = preSolution
		HideSolutionNode = FALSE
	EndGlobalSection
	GlobalSection(ExtensibilityGlobals) = postSolution
		SolutionGuid = {CC697396-40B7-40A0-826F-9E9063A02923}
	EndGlobalSection
EndGlobal
